
Microsoft Visual Studio Solution File, Format Version 12.00
# Visual Studio Version 17
VisualStudioVersion = 17.11.35327.3
MinimumVisualStudioVersion = 10.0.40219.1
Project("{FAE04EC0-301F-11D3-BF4B-00C04F79EFBC}") = "дз 5", "дз 5\дз 5.csproj", "{1623D4F7-EEA9-4657-9473-B1EE37504B26}"
EndProject
Project("{FAE04EC0-301F-11D3-BF4B-00C04F79EFBC}") = "лаба 5", "лаба 5\лаба 5.csproj", "{6CA0AE90-E399-43E3-9BE4-14A75442BD32}"
EndProject
Project("{FAE04EC0-301F-11D3-BF4B-00C04F79EFBC}") = "ConsoleApp1", "ConsoleApp1\ConsoleApp1.csproj", "{F2D1666A-8B8A-47C6-B224-B358BF4C2A5C}"
EndProject
Global
	GlobalSection(SolutionConfigurationPlatforms) = preSolution
		Debug|Any CPU = Debug|Any CPU
		Release|Any CPU = Release|Any CPU
	EndGlobalSection
	GlobalSection(ProjectConfigurationPlatforms) = postSolution
		{1623D4F7-EEA9-4657-9473-B1EE37504B26}.Debug|Any CPU.ActiveCfg = Debug|Any CPU
		{1623D4F7-EEA9-4657-9473-B1EE37504B26}.Debug|Any CPU.Build.0 = Debug|Any CPU
		{1623D4F7-EEA9-4657-9473-B1EE37504B26}.Release|Any CPU.ActiveCfg = Release|Any CPU
		{1623D4F7-EEA9-4657-9473-B1EE37504B26}.Release|Any CPU.Build.0 = Release|Any CPU
		{6CA0AE90-E399-43E3-9BE4-14A75442BD32}.Debug|Any CPU.ActiveCfg = Debug|Any CPU
		{6CA0AE90-E399-43E3-9BE4-14A75442BD32}.Debug|Any CPU.Build.0 = Debug|Any CPU
		{6CA0AE90-E399-43E3-9BE4-14A75442BD32}.Release|Any CPU.ActiveCfg = Release|Any CPU
		{6CA0AE90-E399-43E3-9BE4-14A75442BD32}.Release|Any CPU.Build.0 = Release|Any CPU
		{F2D1666A-8B8A-47C6-B224-B358BF4C2A5C}.Debug|Any CPU.ActiveCfg = Debug|Any CPU
		{F2D1666A-8B8A-47C6-B224-B358BF4C2A5C}.Debug|Any CPU.Build.0 = Debug|Any CPU
		{F2D1666A-8B8A-47C6-B224-B358BF4C2A5C}.Release|Any CPU.ActiveCfg = Release|Any CPU
		{F2D1666A-8B8A-47C6-B224-B358BF4C2A5C}.Release|Any CPU.Build.0 = Release|Any CPU
	EndGlobalSection
	GlobalSection(SolutionProperties) = preSolution
		HideSolutionNode = FALSE
	EndGlobalSection
	GlobalSection(ExtensibilityGlobals) = postSolution
		SolutionGuid = {E21725D7-A541-4691-A618-2AE69E7C0A51}
	EndGlobalSection
EndGlobal
